
Microsoft Visual Studio Solution File, Format Version 12.00
# Visual Studio Version 17
VisualStudioVersion = 17.8.34316.72
MinimumVisualStudioVersion = 10.0.40219.1
Project("{9A19103F-16F7-4668-BE54-9A1E7A4F7556}") = "DatabaseStuff", "DatabaseStuff\DatabaseStuff.csproj", "{B7C20EDD-6581-4C7F-8F19-799164F87896}"
EndProject
Project("{9A19103F-16F7-4668-BE54-9A1E7A4F7556}") = "WebApplicationMVC", "WebApplicationMVC\WebApplicationMVC.csproj", "{5F916C60-86A0-497D-B724-717420F9388B}"
EndProject
Global
	GlobalSection(SolutionConfigurationPlatforms) = preSolution
		Debug|Any CPU = Debug|Any CPU
		Release|Any CPU = Release|Any CPU
	EndGlobalSection
	GlobalSection(ProjectConfigurationPlatforms) = postSolution
		{B7C20EDD-6581-4C7F-8F19-799164F87896}.Debug|Any CPU.ActiveCfg = Debug|Any CPU
		{B7C20EDD-6581-4C7F-8F19-799164F87896}.Debug|Any CPU.Build.0 = Debug|Any CPU
		{B7C20EDD-6581-4C7F-8F19-799164F87896}.Release|Any CPU.ActiveCfg = Release|Any CPU
		{B7C20EDD-6581-4C7F-8F19-799164F87896}.Release|Any CPU.Build.0 = Release|Any CPU
		{5F916C60-86A0-497D-B724-717420F9388B}.Debug|Any CPU.ActiveCfg = Debug|Any CPU
		{5F916C60-86A0-497D-B724-717420F9388B}.Debug|Any CPU.Build.0 = Debug|Any CPU
		{5F916C60-86A0-497D-B724-717420F9388B}.Release|Any CPU.ActiveCfg = Release|Any CPU
		{5F916C60-86A0-497D-B724-717420F9388B}.Release|Any CPU.Build.0 = Release|Any CPU
	EndGlobalSection
	GlobalSection(SolutionProperties) = preSolution
		HideSolutionNode = FALSE
	EndGlobalSection
	GlobalSection(ExtensibilityGlobals) = postSolution
		SolutionGuid = {E652FAB9-707F-4779-AE7F-94860BFB8AD9}
	EndGlobalSection
EndGlobal
